<?xml version="1.0" encoding="utf-8"?>
<Project ToolsVersion="4.0" xmlns="http://schemas.microsoft.com/developer/msbuild/2003">
  <ItemGroup>
    <Filter Include="Source Files">
      <UniqueIdentifier>{4FC737F1-C7A5-4376-A066-2A32D752A2FF}</UniqueIdentifier>
      <Extensions>cpp;c;cc;cxx;def;odl;idl;hpj;bat;asm;asmx</Extensions>
    </Filter>
    <Filter Include="Header Files">
      <UniqueIdentifier>{93995380-89BD-4b04-88EB-625FBE52EBFB}</UniqueIdentifier>
      <Extensions>h;hh;hpp;hxx;hm;inl;inc;xsd</Extensions>
    </Filter>
    <Filter Include="Resource Files">
      <UniqueIdentifier>{67DA6AB6-F800-4c08-8B7A-83BB121AAD01}</UniqueIdentifier>
      <Extensions>rc;ico;cur;bmp;dlg;rc2;rct;bin;rgs;gif;jpg;jpeg;jpe;resx;tiff;tif;png;wav;mfcribbon-ms</Extensions>
    </Filter>
    <Filter Include="Header Files\packets">
      <UniqueIdentifier>{46eceb1b-0012-44c7-a51f-c3f29608d96e}</UniqueIdentifier>
    </Filter>
    <Filter Include="Header Files\network">
      <UniqueIdentifier>{ecd2897b-8417-476f-b676-31efe03df4a0}</UniqueIdentifier>
    </Filter>
    <Filter Include="Source Files\network">
      <UniqueIdentifier>{9016c8a1-9246-4a07-9b52-424ccb901d05}</UniqueIdentifier>
    </Filter>
  </ItemGroup>
  <ItemGroup>
    <ClCompile Include="source\main.cpp">
      <Filter>Source Files</Filter>
    </ClCompile>
    <ClCompile Include="source\network\Network.cpp">
      <Filter>Source Files\network</Filter>
    </ClCompile>
    <ClCompile Include="source\network\PacketManager.cpp">
      <Filter>Source Files\network</Filter>
    </ClCompile>
    <ClCompile Include="source\PacketHandlerImpl.cpp">
      <Filter>Source Files</Filter>
    </ClCompile>
    <ClCompile Include="source\Framework.cpp">
      <Filter>Source Files</Filter>
    </ClCompile>
  </ItemGroup>
  <ItemGroup>
    <ClInclude Include="include\packets\Packet.h">
      <Filter>Header Files\packets</Filter>
    </ClInclude>
    <ClInclude Include="include\network\Network.h">
      <Filter>Header Files\network</Filter>
    </ClInclude>
    <ClInclude Include="include\network\PacketManager.h">
      <Filter>Header Files\network</Filter>
    </ClInclude>
    <ClInclude Include="include\PacketHandlerImpl.h">
      <Filter>Header Files</Filter>
    </ClInclude>
    <ClInclude Include="include\Framework.h">
      <Filter>Header Files</Filter>
    </ClInclude>
  </ItemGroup>
</Project>